
Microsoft Visual Studio Solution File, Format Version 12.00
# Visual Studio Version 17
VisualStudioVersion = 17.0.31912.275
MinimumVisualStudioVersion = 10.0.40219.1
Project("{9A19103F-16F7-4668-BE54-9A1E7A4F7556}") = "LuYao.Avalonia.Fonts.MiSans.Regular", "src\LuYao.Avalonia.Fonts.MiSans.Regular\LuYao.Avalonia.Fonts.MiSans.Regular.csproj", "{CD7F88DB-CCAA-46A4-98FE-A321DAB120C9}"
EndProject
Project("{9A19103F-16F7-4668-BE54-9A1E7A4F7556}") = "LuYao.Avalonia.Behaviors", "src\LuYao.Avalonia.Behaviors\LuYao.Avalonia.Behaviors.csproj", "{218F4481-1AF2-447B-A9A7-D9A027105513}"
EndProject
Project("{2150E333-8FDC-42A3-9474-1A3956D46DE8}") = "src", "src", "{67EA0EF0-EBAC-4ADC-97FD-C17FE5E869A0}"
EndProject
Project("{2150E333-8FDC-42A3-9474-1A3956D46DE8}") = "demo", "demo", "{DF0EC4DF-3704-4A50-B218-B50F28A8E25E}"
EndProject
Project("{9A19103F-16F7-4668-BE54-9A1E7A4F7556}") = "LuYao.Avalonia.Demo", "demo\LuYao.Avalonia.Demo\LuYao.Avalonia.Demo.csproj", "{54A37366-8B08-4F87-B4CD-7D87D78D0E03}"
EndProject
Project("{9A19103F-16F7-4668-BE54-9A1E7A4F7556}") = "LuYao.Avalonia.Demo.Desktop", "demo\LuYao.Avalonia.Demo.Desktop\LuYao.Avalonia.Demo.Desktop.csproj", "{11AD3EB5-8D85-4CC2-A5BD-0607BB85C40A}"
EndProject
Project("{2150E333-8FDC-42A3-9474-1A3956D46DE8}") = "解决方案项", "解决方案项", "{F55150CD-6359-4C48-855B-70BE88496EA0}"
	ProjectSection(SolutionItems) = preProject
		Directory.Build.props = Directory.Build.props
	EndProjectSection
EndProject
Project("{FAE04EC0-301F-11D3-BF4B-00C04F79EFBC}") = "LuYao.Avalonia.Controls", "src\LuYao.Avalonia.Controls\LuYao.Avalonia.Controls.csproj", "{AA400CA6-EDBC-4F0E-A66A-7A7836C3327F}"
EndProject
Project("{2150E333-8FDC-42A3-9474-1A3956D46DE8}") = "tests", "tests", "{0AB3BF05-4346-4AA6-1389-037BE0695223}"
EndProject
Project("{FAE04EC0-301F-11D3-BF4B-00C04F79EFBC}") = "LuYao.Avalonia.Controls.Tests", "tests\LuYao.Avalonia.Controls.Tests\LuYao.Avalonia.Controls.Tests.csproj", "{775E30D3-58A9-4822-AA43-A70A77738846}"
EndProject
Global
	GlobalSection(SolutionConfigurationPlatforms) = preSolution
		Debug|Any CPU = Debug|Any CPU
		Debug|x64 = Debug|x64
		Debug|x86 = Debug|x86
		Release|Any CPU = Release|Any CPU
		Release|x64 = Release|x64
		Release|x86 = Release|x86
	EndGlobalSection
	GlobalSection(ProjectConfigurationPlatforms) = postSolution
		{CD7F88DB-CCAA-46A4-98FE-A321DAB120C9}.Debug|Any CPU.ActiveCfg = Debug|Any CPU
		{CD7F88DB-CCAA-46A4-98FE-A321DAB120C9}.Debug|Any CPU.Build.0 = Debug|Any CPU
		{CD7F88DB-CCAA-46A4-98FE-A321DAB120C9}.Debug|x64.ActiveCfg = Debug|Any CPU
		{CD7F88DB-CCAA-46A4-98FE-A321DAB120C9}.Debug|x64.Build.0 = Debug|Any CPU
		{CD7F88DB-CCAA-46A4-98FE-A321DAB120C9}.Debug|x86.ActiveCfg = Debug|Any CPU
		{CD7F88DB-CCAA-46A4-98FE-A321DAB120C9}.Debug|x86.Build.0 = Debug|Any CPU
		{CD7F88DB-CCAA-46A4-98FE-A321DAB120C9}.Release|Any CPU.ActiveCfg = Release|Any CPU
		{CD7F88DB-CCAA-46A4-98FE-A321DAB120C9}.Release|Any CPU.Build.0 = Release|Any CPU
		{CD7F88DB-CCAA-46A4-98FE-A321DAB120C9}.Release|x64.ActiveCfg = Release|Any CPU
		{CD7F88DB-CCAA-46A4-98FE-A321DAB120C9}.Release|x64.Build.0 = Release|Any CPU
		{CD7F88DB-CCAA-46A4-98FE-A321DAB120C9}.Release|x86.ActiveCfg = Release|Any CPU
		{CD7F88DB-CCAA-46A4-98FE-A321DAB120C9}.Release|x86.Build.0 = Release|Any CPU
		{218F4481-1AF2-447B-A9A7-D9A027105513}.Debug|Any CPU.ActiveCfg = Debug|Any CPU
		{218F4481-1AF2-447B-A9A7-D9A027105513}.Debug|Any CPU.Build.0 = Debug|Any CPU
		{218F4481-1AF2-447B-A9A7-D9A027105513}.Debug|x64.ActiveCfg = Debug|Any CPU
		{218F4481-1AF2-447B-A9A7-D9A027105513}.Debug|x64.Build.0 = Debug|Any CPU
		{218F4481-1AF2-447B-A9A7-D9A027105513}.Debug|x86.ActiveCfg = Debug|Any CPU
		{218F4481-1AF2-447B-A9A7-D9A027105513}.Debug|x86.Build.0 = Debug|Any CPU
		{218F4481-1AF2-447B-A9A7-D9A027105513}.Release|Any CPU.ActiveCfg = Release|Any CPU
		{218F4481-1AF2-447B-A9A7-D9A027105513}.Release|Any CPU.Build.0 = Release|Any CPU
		{218F4481-1AF2-447B-A9A7-D9A027105513}.Release|x64.ActiveCfg = Release|Any CPU
		{218F4481-1AF2-447B-A9A7-D9A027105513}.Release|x64.Build.0 = Release|Any CPU
		{218F4481-1AF2-447B-A9A7-D9A027105513}.Release|x86.ActiveCfg = Release|Any CPU
		{218F4481-1AF2-447B-A9A7-D9A027105513}.Release|x86.Build.0 = Release|Any CPU
		{54A37366-8B08-4F87-B4CD-7D87D78D0E03}.Debug|Any CPU.ActiveCfg = Debug|Any CPU
		{54A37366-8B08-4F87-B4CD-7D87D78D0E03}.Debug|Any CPU.Build.0 = Debug|Any CPU
		{54A37366-8B08-4F87-B4CD-7D87D78D0E03}.Debug|x64.ActiveCfg = Debug|Any CPU
		{54A37366-8B08-4F87-B4CD-7D87D78D0E03}.Debug|x64.Build.0 = Debug|Any CPU
		{54A37366-8B08-4F87-B4CD-7D87D78D0E03}.Debug|x86.ActiveCfg = Debug|Any CPU
		{54A37366-8B08-4F87-B4CD-7D87D78D0E03}.Debug|x86.Build.0 = Debug|Any CPU
		{54A37366-8B08-4F87-B4CD-7D87D78D0E03}.Release|Any CPU.ActiveCfg = Release|Any CPU
		{54A37366-8B08-4F87-B4CD-7D87D78D0E03}.Release|Any CPU.Build.0 = Release|Any CPU
		{54A37366-8B08-4F87-B4CD-7D87D78D0E03}.Release|x64.ActiveCfg = Release|Any CPU
		{54A37366-8B08-4F87-B4CD-7D87D78D0E03}.Release|x64.Build.0 = Release|Any CPU
		{54A37366-8B08-4F87-B4CD-7D87D78D0E03}.Release|x86.ActiveCfg = Release|Any CPU
		{54A37366-8B08-4F87-B4CD-7D87D78D0E03}.Release|x86.Build.0 = Release|Any CPU
		{11AD3EB5-8D85-4CC2-A5BD-0607BB85C40A}.Debug|Any CPU.ActiveCfg = Debug|Any CPU
		{11AD3EB5-8D85-4CC2-A5BD-0607BB85C40A}.Debug|Any CPU.Build.0 = Debug|Any CPU
		{11AD3EB5-8D85-4CC2-A5BD-0607BB85C40A}.Debug|x64.ActiveCfg = Debug|Any CPU
		{11AD3EB5-8D85-4CC2-A5BD-0607BB85C40A}.Debug|x64.Build.0 = Debug|Any CPU
		{11AD3EB5-8D85-4CC2-A5BD-0607BB85C40A}.Debug|x86.ActiveCfg = Debug|Any CPU
		{11AD3EB5-8D85-4CC2-A5BD-0607BB85C40A}.Debug|x86.Build.0 = Debug|Any CPU
		{11AD3EB5-8D85-4CC2-A5BD-0607BB85C40A}.Release|Any CPU.ActiveCfg = Release|Any CPU
		{11AD3EB5-8D85-4CC2-A5BD-0607BB85C40A}.Release|Any CPU.Build.0 = Release|Any CPU
		{11AD3EB5-8D85-4CC2-A5BD-0607BB85C40A}.Release|x64.ActiveCfg = Release|Any CPU
		{11AD3EB5-8D85-4CC2-A5BD-0607BB85C40A}.Release|x64.Build.0 = Release|Any CPU
		{11AD3EB5-8D85-4CC2-A5BD-0607BB85C40A}.Release|x86.ActiveCfg = Release|Any CPU
		{11AD3EB5-8D85-4CC2-A5BD-0607BB85C40A}.Release|x86.Build.0 = Release|Any CPU
		{AA400CA6-EDBC-4F0E-A66A-7A7836C3327F}.Debug|Any CPU.ActiveCfg = Debug|Any CPU
		{AA400CA6-EDBC-4F0E-A66A-7A7836C3327F}.Debug|Any CPU.Build.0 = Debug|Any CPU
		{AA400CA6-EDBC-4F0E-A66A-7A7836C3327F}.Debug|x64.ActiveCfg = Debug|Any CPU
		{AA400CA6-EDBC-4F0E-A66A-7A7836C3327F}.Debug|x64.Build.0 = Debug|Any CPU
		{AA400CA6-EDBC-4F0E-A66A-7A7836C3327F}.Debug|x86.ActiveCfg = Debug|Any CPU
		{AA400CA6-EDBC-4F0E-A66A-7A7836C3327F}.Debug|x86.Build.0 = Debug|Any CPU
		{AA400CA6-EDBC-4F0E-A66A-7A7836C3327F}.Release|Any CPU.ActiveCfg = Release|Any CPU
		{AA400CA6-EDBC-4F0E-A66A-7A7836C3327F}.Release|Any CPU.Build.0 = Release|Any CPU
		{AA400CA6-EDBC-4F0E-A66A-7A7836C3327F}.Release|x64.ActiveCfg = Release|Any CPU
		{AA400CA6-EDBC-4F0E-A66A-7A7836C3327F}.Release|x64.Build.0 = Release|Any CPU
		{AA400CA6-EDBC-4F0E-A66A-7A7836C3327F}.Release|x86.ActiveCfg = Release|Any CPU
		{AA400CA6-EDBC-4F0E-A66A-7A7836C3327F}.Release|x86.Build.0 = Release|Any CPU
		{775E30D3-58A9-4822-AA43-A70A77738846}.Debug|Any CPU.ActiveCfg = Debug|Any CPU
		{775E30D3-58A9-4822-AA43-A70A77738846}.Debug|Any CPU.Build.0 = Debug|Any CPU
		{775E30D3-58A9-4822-AA43-A70A77738846}.Debug|x64.ActiveCfg = Debug|Any CPU
		{775E30D3-58A9-4822-AA43-A70A77738846}.Debug|x64.Build.0 = Debug|Any CPU
		{775E30D3-58A9-4822-AA43-A70A77738846}.Debug|x86.ActiveCfg = Debug|Any CPU
		{775E30D3-58A9-4822-AA43-A70A77738846}.Debug|x86.Build.0 = Debug|Any CPU
		{775E30D3-58A9-4822-AA43-A70A77738846}.Release|Any CPU.ActiveCfg = Release|Any CPU
		{775E30D3-58A9-4822-AA43-A70A77738846}.Release|Any CPU.Build.0 = Release|Any CPU
		{775E30D3-58A9-4822-AA43-A70A77738846}.Release|x64.ActiveCfg = Release|Any CPU
		{775E30D3-58A9-4822-AA43-A70A77738846}.Release|x64.Build.0 = Release|Any CPU
		{775E30D3-58A9-4822-AA43-A70A77738846}.Release|x86.ActiveCfg = Release|Any CPU
		{775E30D3-58A9-4822-AA43-A70A77738846}.Release|x86.Build.0 = Release|Any CPU
	EndGlobalSection
	GlobalSection(SolutionProperties) = preSolution
		HideSolutionNode = FALSE
	EndGlobalSection
	GlobalSection(NestedProjects) = preSolution
		{CD7F88DB-CCAA-46A4-98FE-A321DAB120C9} = {67EA0EF0-EBAC-4ADC-97FD-C17FE5E869A0}
		{218F4481-1AF2-447B-A9A7-D9A027105513} = {67EA0EF0-EBAC-4ADC-97FD-C17FE5E869A0}
		{54A37366-8B08-4F87-B4CD-7D87D78D0E03} = {DF0EC4DF-3704-4A50-B218-B50F28A8E25E}
		{11AD3EB5-8D85-4CC2-A5BD-0607BB85C40A} = {DF0EC4DF-3704-4A50-B218-B50F28A8E25E}
		{AA400CA6-EDBC-4F0E-A66A-7A7836C3327F} = {67EA0EF0-EBAC-4ADC-97FD-C17FE5E869A0}
		{775E30D3-58A9-4822-AA43-A70A77738846} = {0AB3BF05-4346-4AA6-1389-037BE0695223}
	EndGlobalSection
	GlobalSection(ExtensibilityGlobals) = postSolution
		SolutionGuid = {E2A6C1AD-DC44-41A3-BA1E-663ED4ADA32D}
	EndGlobalSection
EndGlobal
